// !$*UTF8*$!
{
	archiveVersion = 1;
	classes = {
	};
	objectVersion = 50;
	objects = {

/* Begin PBXBuildFile section */
		1F81E19E21D0C11100AB834F /* RoundedButton.swift in Sources */ = {isa = PBXBuildFile; fileRef = 1F81E19D21D0C11100AB834F /* RoundedButton.swift */; };
		1F81E1A021D3771B00AB834F /* UserDataService.swift in Sources */ = {isa = PBXBuildFile; fileRef = 1F81E19F21D3771B00AB834F /* UserDataService.swift */; };
		1F81E1A221D3B52000AB834F /* AvatarPickerVC.swift in Sources */ = {isa = PBXBuildFile; fileRef = 1F81E1A121D3B52000AB834F /* AvatarPickerVC.swift */; };
		1F81E1A421D4644500AB834F /* AvatarCell.swift in Sources */ = {isa = PBXBuildFile; fileRef = 1F81E1A321D4644500AB834F /* AvatarCell.swift */; };
		1F9AFF7221CCA3340001C533 /* GradientView.swift in Sources */ = {isa = PBXBuildFile; fileRef = 1F9AFF7121CCA3340001C533 /* GradientView.swift */; };
		1F9AFF7521CCEF560001C533 /* Constants.swift in Sources */ = {isa = PBXBuildFile; fileRef = 1F9AFF7421CCEF560001C533 /* Constants.swift */; };
		1F9AFF7721CD09630001C533 /* LoginVC.swift in Sources */ = {isa = PBXBuildFile; fileRef = 1F9AFF7621CD09630001C533 /* LoginVC.swift */; };
		1F9AFF7921CD0CCD0001C533 /* CreateAccountVC.swift in Sources */ = {isa = PBXBuildFile; fileRef = 1F9AFF7821CD0CCD0001C533 /* CreateAccountVC.swift */; };
		1FAA5DCB21CF2474006644CC /* AuthService.swift in Sources */ = {isa = PBXBuildFile; fileRef = 1FAA5DCA21CF2474006644CC /* AuthService.swift */; };
		1FCF5DA221CC792A00FBC132 /* AppDelegate.swift in Sources */ = {isa = PBXBuildFile; fileRef = 1FCF5DA121CC792A00FBC132 /* AppDelegate.swift */; };
		1FCF5DA721CC792A00FBC132 /* Main.storyboard in Resources */ = {isa = PBXBuildFile; fileRef = 1FCF5DA521CC792A00FBC132 /* Main.storyboard */; };
		1FCF5DA921CC793000FBC132 /* Assets.xcassets in Resources */ = {isa = PBXBuildFile; fileRef = 1FCF5DA821CC793000FBC132 /* Assets.xcassets */; };
		1FCF5DAC21CC793000FBC132 /* LaunchScreen.storyboard in Resources */ = {isa = PBXBuildFile; fileRef = 1FCF5DAA21CC793000FBC132 /* LaunchScreen.storyboard */; };
		1FCF5DC321CC808300FBC132 /* SWRevealViewController.m in Sources */ = {isa = PBXBuildFile; fileRef = 1FCF5DC221CC808200FBC132 /* SWRevealViewController.m */; };
		1FCF5DC921CC88ED00FBC132 /* ChatVC.swift in Sources */ = {isa = PBXBuildFile; fileRef = 1FCF5DC821CC88ED00FBC132 /* ChatVC.swift */; };
		1FCF5DCB21CC890600FBC132 /* ChannelVC.swift in Sources */ = {isa = PBXBuildFile; fileRef = 1FCF5DCA21CC890600FBC132 /* ChannelVC.swift */; };
		BE755CE55E062DD90C8BEF47 /* Pods_Smack.framework in Frameworks */ = {isa = PBXBuildFile; fileRef = 671794EEC1AFBB2378EA1C25 /* Pods_Smack.framework */; };
/* End PBXBuildFile section */

/* Begin PBXFileReference section */
		1F81E19D21D0C11100AB834F /* RoundedButton.swift */ = {isa = PBXFileReference; lastKnownFileType = sourcecode.swift; path = RoundedButton.swift; sourceTree = "<group>"; };
		1F81E19F21D3771B00AB834F /* UserDataService.swift */ = {isa = PBXFileReference; lastKnownFileType = sourcecode.swift; path = UserDataService.swift; sourceTree = "<group>"; };
		1F81E1A121D3B52000AB834F /* AvatarPickerVC.swift */ = {isa = PBXFileReference; lastKnownFileType = sourcecode.swift; path = AvatarPickerVC.swift; sourceTree = "<group>"; };
		1F81E1A321D4644500AB834F /* AvatarCell.swift */ = {isa = PBXFileReference; lastKnownFileType = sourcecode.swift; path = AvatarCell.swift; sourceTree = "<group>"; };
		1F9AFF7121CCA3340001C533 /* GradientView.swift */ = {isa = PBXFileReference; lastKnownFileType = sourcecode.swift; path = GradientView.swift; sourceTree = "<group>"; };
		1F9AFF7421CCEF560001C533 /* Constants.swift */ = {isa = PBXFileReference; lastKnownFileType = sourcecode.swift; path = Constants.swift; sourceTree = "<group>"; };
		1F9AFF7621CD09630001C533 /* LoginVC.swift */ = {isa = PBXFileReference; lastKnownFileType = sourcecode.swift; path = LoginVC.swift; sourceTree = "<group>"; };
		1F9AFF7821CD0CCD0001C533 /* CreateAccountVC.swift */ = {isa = PBXFileReference; lastKnownFileType = sourcecode.swift; path = CreateAccountVC.swift; sourceTree = "<group>"; };
		1FAA5DCA21CF2474006644CC /* AuthService.swift */ = {isa = PBXFileReference; lastKnownFileType = sourcecode.swift; path = AuthService.swift; sourceTree = "<group>"; };
		1FCF5D9E21CC792A00FBC132 /* Smack.app */ = {isa = PBXFileReference; explicitFileType = wrapper.application; includeInIndex = 0; path = Smack.app; sourceTree = BUILT_PRODUCTS_DIR; };
		1FCF5DA121CC792A00FBC132 /* AppDelegate.swift */ = {isa = PBXFileReference; lastKnownFileType = sourcecode.swift; path = AppDelegate.swift; sourceTree = "<group>"; };
		1FCF5DA621CC792A00FBC132 /* Base */ = {isa = PBXFileReference; lastKnownFileType = file.storyboard; name = Base; path = Base.lproj/Main.storyboard; sourceTree = "<group>"; };
		1FCF5DA821CC793000FBC132 /* Assets.xcassets */ = {isa = PBXFileReference; lastKnownFileType = folder.assetcatalog; path = Assets.xcassets; sourceTree = "<group>"; };
		1FCF5DAB21CC793000FBC132 /* Base */ = {isa = PBXFileReference; lastKnownFileType = file.storyboard; name = Base; path = Base.lproj/LaunchScreen.storyboard; sourceTree = "<group>"; };
		1FCF5DAD21CC793000FBC132 /* Info.plist */ = {isa = PBXFileReference; lastKnownFileType = text.plist.xml; path = Info.plist; sourceTree = "<group>"; };
		1FCF5DC021CC808100FBC132 /* Smack-Bridging-Header.h */ = {isa = PBXFileReference; lastKnownFileType = sourcecode.c.h; path = "Smack-Bridging-Header.h"; sourceTree = "<group>"; };
		1FCF5DC121CC808200FBC132 /* SWRevealViewController.h */ = {isa = PBXFileReference; fileEncoding = 4; lastKnownFileType = sourcecode.c.h; path = SWRevealViewController.h; sourceTree = "<group>"; };
		1FCF5DC221CC808200FBC132 /* SWRevealViewController.m */ = {isa = PBXFileReference; fileEncoding = 4; lastKnownFileType = sourcecode.c.objc; path = SWRevealViewController.m; sourceTree = "<group>"; };
		1FCF5DC821CC88ED00FBC132 /* ChatVC.swift */ = {isa = PBXFileReference; lastKnownFileType = sourcecode.swift; path = ChatVC.swift; sourceTree = "<group>"; };
		1FCF5DCA21CC890600FBC132 /* ChannelVC.swift */ = {isa = PBXFileReference; lastKnownFileType = sourcecode.swift; path = ChannelVC.swift; sourceTree = "<group>"; };
		671794EEC1AFBB2378EA1C25 /* Pods_Smack.framework */ = {isa = PBXFileReference; explicitFileType = wrapper.framework; includeInIndex = 0; path = Pods_Smack.framework; sourceTree = BUILT_PRODUCTS_DIR; };
		9058563892EF1E2236B2C4FD /* Pods-Smack.release.xcconfig */ = {isa = PBXFileReference; includeInIndex = 1; lastKnownFileType = text.xcconfig; name = "Pods-Smack.release.xcconfig"; path = "Pods/Target Support Files/Pods-Smack/Pods-Smack.release.xcconfig"; sourceTree = "<group>"; };
		AE082609610AD6080B96D88A /* Pods-Smack.debug.xcconfig */ = {isa = PBXFileReference; includeInIndex = 1; lastKnownFileType = text.xcconfig; name = "Pods-Smack.debug.xcconfig"; path = "Pods/Target Support Files/Pods-Smack/Pods-Smack.debug.xcconfig"; sourceTree = "<group>"; };
/* End PBXFileReference section */

/* Begin PBXFrameworksBuildPhase section */
		1FCF5D9B21CC792A00FBC132 /* Frameworks */ = {
			isa = PBXFrameworksBuildPhase;
			buildActionMask = 2147483647;
			files = (
				BE755CE55E062DD90C8BEF47 /* Pods_Smack.framework in Frameworks */,
			);
			runOnlyForDeploymentPostprocessing = 0;
		};
/* End PBXFrameworksBuildPhase section */

/* Begin PBXGroup section */
		1F9AFF7321CCEF360001C533 /* Utilities */ = {
			isa = PBXGroup;
			children = (
				1F9AFF7421CCEF560001C533 /* Constants.swift */,
			);
			path = Utilities;
			sourceTree = "<group>";
		};
		1FAA5DC921CF2447006644CC /* Services */ = {
			isa = PBXGroup;
			children = (
				1FAA5DCA21CF2474006644CC /* AuthService.swift */,
				1F81E19F21D3771B00AB834F /* UserDataService.swift */,
			);
			path = Services;
			sourceTree = "<group>";
		};
		1FCF5D9521CC792A00FBC132 = {
			isa = PBXGroup;
			children = (
				1FCF5DA021CC792A00FBC132 /* Smack */,
				1FCF5D9F21CC792A00FBC132 /* Products */,
				3C1AB757B5F6AEBA3D67BE79 /* Pods */,
				CDBCC92A9C6732A23391FA5F /* Frameworks */,
			);
			sourceTree = "<group>";
		};
		1FCF5D9F21CC792A00FBC132 /* Products */ = {
			isa = PBXGroup;
			children = (
				1FCF5D9E21CC792A00FBC132 /* Smack.app */,
			);
			name = Products;
			sourceTree = "<group>";
		};
		1FCF5DA021CC792A00FBC132 /* Smack */ = {
			isa = PBXGroup;
			children = (
				1FAA5DC921CF2447006644CC /* Services */,
				1F9AFF7321CCEF360001C533 /* Utilities */,
				1FCF5DC721CC88D200FBC132 /* Model */,
				1FCF5DC621CC88C900FBC132 /* View */,
				1FCF5DC521CC88BE00FBC132 /* Controller */,
				1FCF5DBF21CC805D00FBC132 /* Supporting Files */,
				1FCF5DA121CC792A00FBC132 /* AppDelegate.swift */,
				1FCF5DA521CC792A00FBC132 /* Main.storyboard */,
				1FCF5DA821CC793000FBC132 /* Assets.xcassets */,
				1FCF5DAA21CC793000FBC132 /* LaunchScreen.storyboard */,
				1FCF5DAD21CC793000FBC132 /* Info.plist */,
			);
			path = Smack;
			sourceTree = "<group>";
		};
		1FCF5DBF21CC805D00FBC132 /* Supporting Files */ = {
			isa = PBXGroup;
			children = (
				1FCF5DC121CC808200FBC132 /* SWRevealViewController.h */,
				1FCF5DC221CC808200FBC132 /* SWRevealViewController.m */,
				1FCF5DC021CC808100FBC132 /* Smack-Bridging-Header.h */,
			);
			path = "Supporting Files";
			sourceTree = "<group>";
		};
		1FCF5DC521CC88BE00FBC132 /* Controller */ = {
			isa = PBXGroup;
			children = (
				1FCF5DC821CC88ED00FBC132 /* ChatVC.swift */,
				1FCF5DCA21CC890600FBC132 /* ChannelVC.swift */,
				1F9AFF7621CD09630001C533 /* LoginVC.swift */,
				1F9AFF7821CD0CCD0001C533 /* CreateAccountVC.swift */,
				1F81E1A121D3B52000AB834F /* AvatarPickerVC.swift */,
			);
			path = Controller;
			sourceTree = "<group>";
		};
		1FCF5DC621CC88C900FBC132 /* View */ = {
			isa = PBXGroup;
			children = (
				1F9AFF7121CCA3340001C533 /* GradientView.swift */,
				1F81E19D21D0C11100AB834F /* RoundedButton.swift */,
				1F81E1A321D4644500AB834F /* AvatarCell.swift */,
			);
			path = View;
			sourceTree = "<group>";
		};
		1FCF5DC721CC88D200FBC132 /* Model */ = {
			isa = PBXGroup;
			children = (
			);
			path = Model;
			sourceTree = "<group>";
		};
		3C1AB757B5F6AEBA3D67BE79 /* Pods */ = {
			isa = PBXGroup;
			children = (
				AE082609610AD6080B96D88A /* Pods-Smack.debug.xcconfig */,
				9058563892EF1E2236B2C4FD /* Pods-Smack.release.xcconfig */,
			);
			name = Pods;
			sourceTree = "<group>";
		};
		CDBCC92A9C6732A23391FA5F /* Frameworks */ = {
			isa = PBXGroup;
			children = (
				671794EEC1AFBB2378EA1C25 /* Pods_Smack.framework */,
			);
			name = Frameworks;
			sourceTree = "<group>";
		};
/* End PBXGroup section */

/* Begin PBXNativeTarget section */
		1FCF5D9D21CC792A00FBC132 /* Smack */ = {
			isa = PBXNativeTarget;
			buildConfigurationList = 1FCF5DB021CC793000FBC132 /* Build configuration list for PBXNativeTarget "Smack" */;
			buildPhases = (
				FBCEDFB927D8E29B87E6C2AF /* [CP] Check Pods Manifest.lock */,
				1FCF5D9A21CC792A00FBC132 /* Sources */,
				1FCF5D9B21CC792A00FBC132 /* Frameworks */,
				1FCF5D9C21CC792A00FBC132 /* Resources */,
				F551C218C0392129A9961086 /* [CP] Embed Pods Frameworks */,
			);
			buildRules = (
			);
			dependencies = (
			);
			name = Smack;
			productName = Smack;
			productReference = 1FCF5D9E21CC792A00FBC132 /* Smack.app */;
			productType = "com.apple.product-type.application";
		};
/* End PBXNativeTarget section */

/* Begin PBXProject section */
		1FCF5D9621CC792A00FBC132 /* Project object */ = {
			isa = PBXProject;
			attributes = {
				LastSwiftUpdateCheck = 1010;
				LastUpgradeCheck = 1010;
				ORGANIZATIONNAME = "Xiaoxian Duan";
				TargetAttributes = {
					1FCF5D9D21CC792A00FBC132 = {
						CreatedOnToolsVersion = 10.1;
						LastSwiftMigration = 1010;
					};
				};
			};
			buildConfigurationList = 1FCF5D9921CC792A00FBC132 /* Build configuration list for PBXProject "Smack" */;
			compatibilityVersion = "Xcode 9.3";
			developmentRegion = en;
			hasScannedForEncodings = 0;
			knownRegions = (
				en,
				Base,
			);
			mainGroup = 1FCF5D9521CC792A00FBC132;
			productRefGroup = 1FCF5D9F21CC792A00FBC132 /* Products */;
			projectDirPath = "";
			projectRoot = "";
			targets = (
				1FCF5D9D21CC792A00FBC132 /* Smack */,
			);
		};
/* End PBXProject section */

/* Begin PBXResourcesBuildPhase section */
		1FCF5D9C21CC792A00FBC132 /* Resources */ = {
			isa = PBXResourcesBuildPhase;
			buildActionMask = 2147483647;
			files = (
				1FCF5DAC21CC793000FBC132 /* LaunchScreen.storyboard in Resources */,
				1FCF5DA921CC793000FBC132 /* Assets.xcassets in Resources */,
				1FCF5DA721CC792A00FBC132 /* Main.storyboard in Resources */,
			);
			runOnlyForDeploymentPostprocessing = 0;
		};
/* End PBXResourcesBuildPhase section */

/* Begin PBXShellScriptBuildPhase section */
		F551C218C0392129A9961086 /* [CP] Embed Pods Frameworks */ = {
			isa = PBXShellScriptBuildPhase;
			buildActionMask = 2147483647;
			files = (
			);
			inputPaths = (
				"${SRCROOT}/Pods/Target Support Files/Pods-Smack/Pods-Smack-frameworks.sh",
				"${BUILT_PRODUCTS_DIR}/Alamofire/Alamofire.framework",
				"${BUILT_PRODUCTS_DIR}/Socket.IO-Client-Swift/SocketIO.framework",
				"${BUILT_PRODUCTS_DIR}/Starscream/Starscream.framework",
				"${BUILT_PRODUCTS_DIR}/SwiftyJSON/SwiftyJSON.framework",
			);
			name = "[CP] Embed Pods Frameworks";
			outputPaths = (
				"${TARGET_BUILD_DIR}/${FRAMEWORKS_FOLDER_PATH}/Alamofire.framework",
				"${TARGET_BUILD_DIR}/${FRAMEWORKS_FOLDER_PATH}/SocketIO.framework",
				"${TARGET_BUILD_DIR}/${FRAMEWORKS_FOLDER_PATH}/Starscream.framework",
				"${TARGET_BUILD_DIR}/${FRAMEWORKS_FOLDER_PATH}/SwiftyJSON.framework",
			);
			runOnlyForDeploymentPostprocessing = 0;
			shellPath = /bin/sh;
			shellScript = "\"${SRCROOT}/Pods/Target Support Files/Pods-Smack/Pods-Smack-frameworks.sh\"\n";
			showEnvVarsInLog = 0;
		};
		FBCEDFB927D8E29B87E6C2AF /* [CP] Check Pods Manifest.lock */ = {
			isa = PBXShellScriptBuildPhase;
			buildActionMask = 2147483647;
			files = (
			);
			inputPaths = (
				"${PODS_PODFILE_DIR_PATH}/Podfile.lock",
				"${PODS_ROOT}/Manifest.lock",
			);
			name = "[CP] Check Pods Manifest.lock";
			outputPaths = (
				"$(DERIVED_FILE_DIR)/Pods-Smack-checkManifestLockResult.txt",
			);
			runOnlyForDeploymentPostprocessing = 0;
			shellPath = /bin/sh;
			shellScript = "diff \"${PODS_PODFILE_DIR_PATH}/Podfile.lock\" \"${PODS_ROOT}/Manifest.lock\" > /dev/null\nif [ $? != 0 ] ; then\n    # print error to STDERR\n    echo \"error: The sandbox is not in sync with the Podfile.lock. Run 'pod install' or update your CocoaPods installation.\" >&2\n    exit 1\nfi\n# This output is used by Xcode 'outputs' to avoid re-running this script phase.\necho \"SUCCESS\" > \"${SCRIPT_OUTPUT_FILE_0}\"\n";
			showEnvVarsInLog = 0;
		};
/* End PBXShellScriptBuildPhase section */

/* Begin PBXSourcesBuildPhase section */
		1FCF5D9A21CC792A00FBC132 /* Sources */ = {
			isa = PBXSourcesBuildPhase;
			buildActionMask = 2147483647;
			files = (
				1FCF5DCB21CC890600FBC132 /* ChannelVC.swift in Sources */,
				1F81E1A221D3B52000AB834F /* AvatarPickerVC.swift in Sources */,
				1F81E19E21D0C11100AB834F /* RoundedButton.swift in Sources */,
				1FCF5DC921CC88ED00FBC132 /* ChatVC.swift in Sources */,
				1F81E1A021D3771B00AB834F /* UserDataService.swift in Sources */,
				1F9AFF7921CD0CCD0001C533 /* CreateAccountVC.swift in Sources */,
				1FAA5DCB21CF2474006644CC /* AuthService.swift in Sources */,
				1F9AFF7721CD09630001C533 /* LoginVC.swift in Sources */,
				1F9AFF7221CCA3340001C533 /* GradientView.swift in Sources */,
				1F81E1A421D4644500AB834F /* AvatarCell.swift in Sources */,
				1FCF5DA221CC792A00FBC132 /* AppDelegate.swift in Sources */,
				1FCF5DC321CC808300FBC132 /* SWRevealViewController.m in Sources */,
				1F9AFF7521CCEF560001C533 /* Constants.swift in Sources */,
			);
			runOnlyForDeploymentPostprocessing = 0;
		};
/* End PBXSourcesBuildPhase section */

/* Begin PBXVariantGroup section */
		1FCF5DA521CC792A00FBC132 /* Main.storyboard */ = {
			isa = PBXVariantGroup;
			children = (
				1FCF5DA621CC792A00FBC132 /* Base */,
			);
			name = Main.storyboard;
			sourceTree = "<group>";
		};
		1FCF5DAA21CC793000FBC132 /* LaunchScreen.storyboard */ = {
			isa = PBXVariantGroup;
			children = (
				1FCF5DAB21CC793000FBC132 /* Base */,
			);
			name = LaunchScreen.storyboard;
			sourceTree = "<group>";
		};
/* End PBXVariantGroup section */

/* Begin XCBuildConfiguration section */
		1FCF5DAE21CC793000FBC132 /* Debug */ = {
			isa = XCBuildConfiguration;
			buildSettings = {
				ALWAYS_SEARCH_USER_PATHS = NO;
				CLANG_ANALYZER_NONNULL = YES;
				CLANG_ANALYZER_NUMBER_OBJECT_CONVERSION = YES_AGGRESSIVE;
				CLANG_CXX_LANGUAGE_STANDARD = "gnu++14";
				CLANG_CXX_LIBRARY = "libc++";
				CLANG_ENABLE_MODULES = YES;
				CLANG_ENABLE_OBJC_ARC = YES;
				CLANG_ENABLE_OBJC_WEAK = YES;
				CLANG_WARN_BLOCK_CAPTURE_AUTORELEASING = YES;
				CLANG_WARN_BOOL_CONVERSION = YES;
				CLANG_WARN_COMMA = YES;
				CLANG_WARN_CONSTANT_CONVERSION = YES;
				CLANG_WARN_DEPRECATED_OBJC_IMPLEMENTATIONS = YES;
				CLANG_WARN_DIRECT_OBJC_ISA_USAGE = YES_ERROR;
				CLANG_WARN_DOCUMENTATION_COMMENTS = YES;
				CLANG_WARN_EMPTY_BODY = YES;
				CLANG_WARN_ENUM_CONVERSION = YES;
				CLANG_WARN_INFINITE_RECURSION = YES;
				CLANG_WARN_INT_CONVERSION = YES;
				CLANG_WARN_NON_LITERAL_NULL_CONVERSION = YES;
				CLANG_WARN_OBJC_IMPLICIT_RETAIN_SELF = YES;
				CLANG_WARN_OBJC_LITERAL_CONVERSION = YES;
				CLANG_WARN_OBJC_ROOT_CLASS = YES_ERROR;
				CLANG_WARN_RANGE_LOOP_ANALYSIS = YES;
				CLANG_WARN_STRICT_PROTOTYPES = YES;
				CLANG_WARN_SUSPICIOUS_MOVE = YES;
				CLANG_WARN_UNGUARDED_AVAILABILITY = YES_AGGRESSIVE;
				CLANG_WARN_UNREACHABLE_CODE = YES;
				CLANG_WARN__DUPLICATE_METHOD_MATCH = YES;
				CODE_SIGN_IDENTITY = "iPhone Developer";
				COPY_PHASE_STRIP = NO;
				DEBUG_INFORMATION_FORMAT = dwarf;
				ENABLE_STRICT_OBJC_MSGSEND = YES;
				ENABLE_TESTABILITY = YES;
				GCC_C_LANGUAGE_STANDARD = gnu11;
				GCC_DYNAMIC_NO_PIC = NO;
				GCC_NO_COMMON_BLOCKS = YES;
				GCC_OPTIMIZATION_LEVEL = 0;
				GCC_PREPROCESSOR_DEFINITIONS = (
					"DEBUG=1",
					"$(inherited)",
				);
				GCC_WARN_64_TO_32_BIT_CONVERSION = YES;
				GCC_WARN_ABOUT_RETURN_TYPE = YES_ERROR;
				GCC_WARN_UNDECLARED_SELECTOR = YES;
				GCC_WARN_UNINITIALIZED_AUTOS = YES_AGGRESSIVE;
				GCC_WARN_UNUSED_FUNCTION = YES;
				GCC_WARN_UNUSED_VARIABLE = YES;
				IPHONEOS_DEPLOYMENT_TARGET = 12.1;
				MTL_ENABLE_DEBUG_INFO = INCLUDE_SOURCE;
				MTL_FAST_MATH = YES;
				ONLY_ACTIVE_ARCH = YES;
				SDKROOT = iphoneos;
				SWIFT_ACTIVE_COMPILATION_CONDITIONS = DEBUG;
				SWIFT_OPTIMIZATION_LEVEL = "-Onone";
			};
			name = Debug;
		};
		1FCF5DAF21CC793000FBC132 /* Release */ = {
			isa = XCBuildConfiguration;
			buildSettings = {
				ALWAYS_SEARCH_USER_PATHS = NO;
				CLANG_ANALYZER_NONNULL = YES;
				CLANG_ANALYZER_NUMBER_OBJECT_CONVERSION = YES_AGGRESSIVE;
				CLANG_CXX_LANGUAGE_STANDARD = "gnu++14";
				CLANG_CXX_LIBRARY = "libc++";
				CLANG_ENABLE_MODULES = YES;
				CLANG_ENABLE_OBJC_ARC = YES;
				CLANG_ENABLE_OBJC_WEAK = YES;
				CLANG_WARN_BLOCK_CAPTURE_AUTORELEASING = YES;
				CLANG_WARN_BOOL_CONVERSION = YES;
				CLANG_WARN_COMMA = YES;
				CLANG_WARN_CONSTANT_CONVERSION = YES;
				CLANG_WARN_DEPRECATED_OBJC_IMPLEMENTATIONS = YES;
				CLANG_WARN_DIRECT_OBJC_ISA_USAGE = YES_ERROR;
				CLANG_WARN_DOCUMENTATION_COMMENTS = YES;
				CLANG_WARN_EMPTY_BODY = YES;
				CLANG_WARN_ENUM_CONVERSION = YES;
				CLANG_WARN_INFINITE_RECURSION = YES;
				CLANG_WARN_INT_CONVERSION = YES;
				CLANG_WARN_NON_LITERAL_NULL_CONVERSION = YES;
				CLANG_WARN_OBJC_IMPLICIT_RETAIN_SELF = YES;
				CLANG_WARN_OBJC_LITERAL_CONVERSION = YES;
				CLANG_WARN_OBJC_ROOT_CLASS = YES_ERROR;
				CLANG_WARN_RANGE_LOOP_ANALYSIS = YES;
				CLANG_WARN_STRICT_PROTOTYPES = YES;
				CLANG_WARN_SUSPICIOUS_MOVE = YES;
				CLANG_WARN_UNGUARDED_AVAILABILITY = YES_AGGRESSIVE;
				CLANG_WARN_UNREACHABLE_CODE = YES;
				CLANG_WARN__DUPLICATE_METHOD_MATCH = YES;
				CODE_SIGN_IDENTITY = "iPhone Developer";
				COPY_PHASE_STRIP = NO;
				DEBUG_INFORMATION_FORMAT = "dwarf-with-dsym";
				ENABLE_NS_ASSERTIONS = NO;
				ENABLE_STRICT_OBJC_MSGSEND = YES;
				GCC_C_LANGUAGE_STANDARD = gnu11;
				GCC_NO_COMMON_BLOCKS = YES;
				GCC_WARN_64_TO_32_BIT_CONVERSION = YES;
				GCC_WARN_ABOUT_RETURN_TYPE = YES_ERROR;
				GCC_WARN_UNDECLARED_SELECTOR = YES;
				GCC_WARN_UNINITIALIZED_AUTOS = YES_AGGRESSIVE;
				GCC_WARN_UNUSED_FUNCTION = YES;
				GCC_WARN_UNUSED_VARIABLE = YES;
				IPHONEOS_DEPLOYMENT_TARGET = 12.1;
				MTL_ENABLE_DEBUG_INFO = NO;
				MTL_FAST_MATH = YES;
				SDKROOT = iphoneos;
				SWIFT_COMPILATION_MODE = wholemodule;
				SWIFT_OPTIMIZATION_LEVEL = "-O";
				VALIDATE_PRODUCT = YES;
			};
			name = Release;
		};
		1FCF5DB121CC793000FBC132 /* Debug */ = {
			isa = XCBuildConfiguration;
			baseConfigurationReference = AE082609610AD6080B96D88A /* Pods-Smack.debug.xcconfig */;
			buildSettings = {
				ASSETCATALOG_COMPILER_APPICON_NAME = AppIcon;
				CLANG_ENABLE_MODULES = YES;
				CODE_SIGN_STYLE = Automatic;
				INFOPLIST_FILE = Smack/Info.plist;
				LD_RUNPATH_SEARCH_PATHS = (
					"$(inherited)",
					"@executable_path/Frameworks",
				);
				PRODUCT_BUNDLE_IDENTIFIER = com.duan.Smack;
				PRODUCT_NAME = "$(TARGET_NAME)";
				SWIFT_OBJC_BRIDGING_HEADER = "Smack/Supporting Files/Smack-Bridging-Header.h";
				SWIFT_OPTIMIZATION_LEVEL = "-Onone";
				SWIFT_VERSION = 4.2;
				TARGETED_DEVICE_FAMILY = "1,2";
			};
			name = Debug;
		};
		1FCF5DB221CC793000FBC132 /* Release */ = {
			isa = XCBuildConfiguration;
			baseConfigurationReference = 9058563892EF1E2236B2C4FD /* Pods-Smack.release.xcconfig */;
			buildSettings = {
				ASSETCATALOG_COMPILER_APPICON_NAME = AppIcon;
				CLANG_ENABLE_MODULES = YES;
				CODE_SIGN_STYLE = Automatic;
				INFOPLIST_FILE = Smack/Info.plist;
				LD_RUNPATH_SEARCH_PATHS = (
					"$(inherited)",
					"@executable_path/Frameworks",
				);
				PRODUCT_BUNDLE_IDENTIFIER = com.duan.Smack;
				PRODUCT_NAME = "$(TARGET_NAME)";
				SWIFT_OBJC_BRIDGING_HEADER = "Smack/Supporting Files/Smack-Bridging-Header.h";
				SWIFT_VERSION = 4.2;
				TARGETED_DEVICE_FAMILY = "1,2";
			};
			name = Release;
		};
/* End XCBuildConfiguration section */

/* Begin XCConfigurationList section */
		1FCF5D9921CC792A00FBC132 /* Build configuration list for PBXProject "Smack" */ = {
			isa = XCConfigurationList;
			buildConfigurations = (
				1FCF5DAE21CC793000FBC132 /* Debug */,
				1FCF5DAF21CC793000FBC132 /* Release */,
			);
			defaultConfigurationIsVisible = 0;
			defaultConfigurationName = Release;
		};
		1FCF5DB021CC793000FBC132 /* Build configuration list for PBXNativeTarget "Smack" */ = {
			isa = XCConfigurationList;
			buildConfigurations = (
				1FCF5DB121CC793000FBC132 /* Debug */,
				1FCF5DB221CC793000FBC132 /* Release */,
			);
			defaultConfigurationIsVisible = 0;
			defaultConfigurationName = Release;
		};
/* End XCConfigurationList section */
	};
	rootObject = 1FCF5D9621CC792A00FBC132 /* Project object */;
}
